
Microsoft Visual Studio Solution File, Format Version 12.00
# Visual Studio Version 16
VisualStudioVersion = 16.0.31025.194
MinimumVisualStudioVersion = 10.0.40219.1
Project("{9A19103F-16F7-4668-BE54-9A1E7A4F7556}") = "EasyAbp.Abp.EventBus.Dapr", "src\EasyAbp.Abp.EventBus.Dapr\EasyAbp.Abp.EventBus.Dapr.csproj", "{DC30ADD8-F088-4BF3-B8F2-5FC5EC44EEA6}"
EndProject
Project("{2150E333-8FDC-42A3-9474-1A3956D46DE8}") = "src", "src", "{0BC3D131-E7E7-446C-8BA0-AE01B79F0770}"
EndProject
Project("{2150E333-8FDC-42A3-9474-1A3956D46DE8}") = "samples", "samples", "{8C56E090-FC16-4D61-90AD-B4D9D719EABA}"
	ProjectSection(SolutionItems) = preProject
		samples\tye.yaml = samples\tye.yaml
	EndProjectSection
EndProject
Project("{9A19103F-16F7-4668-BE54-9A1E7A4F7556}") = "SharedModule", "samples\SharedModule\SharedModule.csproj", "{13E23D8F-DDB5-454D-BCFD-28B9AC88644F}"
EndProject
Project("{9A19103F-16F7-4668-BE54-9A1E7A4F7556}") = "App1", "samples\App1\App1.csproj", "{ADBF05B4-CD3B-4D8C-A20B-07282490D03C}"
EndProject
Project("{9A19103F-16F7-4668-BE54-9A1E7A4F7556}") = "App2", "samples\App2\App2.csproj", "{D9E22F7D-E2E7-47F3-9EEF-58C9DCC1ABAB}"
EndProject
Global
	GlobalSection(SolutionConfigurationPlatforms) = preSolution
		Debug|Any CPU = Debug|Any CPU
		Release|Any CPU = Release|Any CPU
	EndGlobalSection
	GlobalSection(ProjectConfigurationPlatforms) = postSolution
		{DC30ADD8-F088-4BF3-B8F2-5FC5EC44EEA6}.Debug|Any CPU.ActiveCfg = Debug|Any CPU
		{DC30ADD8-F088-4BF3-B8F2-5FC5EC44EEA6}.Debug|Any CPU.Build.0 = Debug|Any CPU
		{DC30ADD8-F088-4BF3-B8F2-5FC5EC44EEA6}.Release|Any CPU.ActiveCfg = Release|Any CPU
		{DC30ADD8-F088-4BF3-B8F2-5FC5EC44EEA6}.Release|Any CPU.Build.0 = Release|Any CPU
		{13E23D8F-DDB5-454D-BCFD-28B9AC88644F}.Debug|Any CPU.ActiveCfg = Debug|Any CPU
		{13E23D8F-DDB5-454D-BCFD-28B9AC88644F}.Debug|Any CPU.Build.0 = Debug|Any CPU
		{13E23D8F-DDB5-454D-BCFD-28B9AC88644F}.Release|Any CPU.ActiveCfg = Release|Any CPU
		{13E23D8F-DDB5-454D-BCFD-28B9AC88644F}.Release|Any CPU.Build.0 = Release|Any CPU
		{ADBF05B4-CD3B-4D8C-A20B-07282490D03C}.Debug|Any CPU.ActiveCfg = Debug|Any CPU
		{ADBF05B4-CD3B-4D8C-A20B-07282490D03C}.Debug|Any CPU.Build.0 = Debug|Any CPU
		{ADBF05B4-CD3B-4D8C-A20B-07282490D03C}.Release|Any CPU.ActiveCfg = Release|Any CPU
		{ADBF05B4-CD3B-4D8C-A20B-07282490D03C}.Release|Any CPU.Build.0 = Release|Any CPU
		{D9E22F7D-E2E7-47F3-9EEF-58C9DCC1ABAB}.Debug|Any CPU.ActiveCfg = Debug|Any CPU
		{D9E22F7D-E2E7-47F3-9EEF-58C9DCC1ABAB}.Debug|Any CPU.Build.0 = Debug|Any CPU
		{D9E22F7D-E2E7-47F3-9EEF-58C9DCC1ABAB}.Release|Any CPU.ActiveCfg = Release|Any CPU
		{D9E22F7D-E2E7-47F3-9EEF-58C9DCC1ABAB}.Release|Any CPU.Build.0 = Release|Any CPU
	EndGlobalSection
	GlobalSection(SolutionProperties) = preSolution
		HideSolutionNode = FALSE
	EndGlobalSection
	GlobalSection(NestedProjects) = preSolution
		{DC30ADD8-F088-4BF3-B8F2-5FC5EC44EEA6} = {0BC3D131-E7E7-446C-8BA0-AE01B79F0770}
		{13E23D8F-DDB5-454D-BCFD-28B9AC88644F} = {8C56E090-FC16-4D61-90AD-B4D9D719EABA}
		{ADBF05B4-CD3B-4D8C-A20B-07282490D03C} = {8C56E090-FC16-4D61-90AD-B4D9D719EABA}
		{D9E22F7D-E2E7-47F3-9EEF-58C9DCC1ABAB} = {8C56E090-FC16-4D61-90AD-B4D9D719EABA}
	EndGlobalSection
	GlobalSection(ExtensibilityGlobals) = postSolution
		SolutionGuid = {3A4BA51D-55D6-4846-A950-7A0B1DB19345}
	EndGlobalSection
EndGlobal
